
Microsoft Visual Studio Solution File, Format Version 12.00
# Visual Studio Version 17
VisualStudioVersion = 17.9.34728.123
MinimumVisualStudioVersion = 10.0.40219.1
Project("{9A19103F-16F7-4668-BE54-9A1E7A4F7556}") = "X-Company.Domain", "X-Company.Domain\X-Company.Domain.csproj", "{2059778A-F0E8-4BA4-A6EC-A5D9C1ECDCB8}"
EndProject
Project("{9A19103F-16F7-4668-BE54-9A1E7A4F7556}") = "X-Company.ORM", "X-Company.ORM\X-Company.ORM.csproj", "{A43653AD-8155-4385-AE50-1AF4019BE5C7}"
EndProject
Project("{9A19103F-16F7-4668-BE54-9A1E7A4F7556}") = "X-Company.View", "X-Company.View\X-Company.View.csproj", "{950F688A-5FBB-4172-A074-E4A03F207E15}"
EndProject
Project("{FAE04EC0-301F-11D3-BF4B-00C04F79EFBC}") = "X-Company.UnitTest", "XCompany.UnitTest\X-Company.UnitTest.csproj", "{D8ADAF06-C880-4034-94B0-E115414846F6}"
EndProject
Project("{2150E333-8FDC-42A3-9474-1A3956D46DE8}") = "Tests", "Tests", "{F1BEC83A-D02D-4080-A205-936603592363}"
EndProject
Project("{FAE04EC0-301F-11D3-BF4B-00C04F79EFBC}") = "X-Company.IntegrationTests", "X-Company.IntegrationTests\X-Company.IntegrationTests.csproj", "{241BAF79-FF49-4297-9076-9AD5DE244312}"
EndProject
Global
	GlobalSection(SolutionConfigurationPlatforms) = preSolution
		Debug|Any CPU = Debug|Any CPU
		Release|Any CPU = Release|Any CPU
	EndGlobalSection
	GlobalSection(ProjectConfigurationPlatforms) = postSolution
		{2059778A-F0E8-4BA4-A6EC-A5D9C1ECDCB8}.Debug|Any CPU.ActiveCfg = Debug|Any CPU
		{2059778A-F0E8-4BA4-A6EC-A5D9C1ECDCB8}.Debug|Any CPU.Build.0 = Debug|Any CPU
		{2059778A-F0E8-4BA4-A6EC-A5D9C1ECDCB8}.Release|Any CPU.ActiveCfg = Release|Any CPU
		{2059778A-F0E8-4BA4-A6EC-A5D9C1ECDCB8}.Release|Any CPU.Build.0 = Release|Any CPU
		{A43653AD-8155-4385-AE50-1AF4019BE5C7}.Debug|Any CPU.ActiveCfg = Debug|Any CPU
		{A43653AD-8155-4385-AE50-1AF4019BE5C7}.Debug|Any CPU.Build.0 = Debug|Any CPU
		{A43653AD-8155-4385-AE50-1AF4019BE5C7}.Release|Any CPU.ActiveCfg = Release|Any CPU
		{A43653AD-8155-4385-AE50-1AF4019BE5C7}.Release|Any CPU.Build.0 = Release|Any CPU
		{950F688A-5FBB-4172-A074-E4A03F207E15}.Debug|Any CPU.ActiveCfg = Debug|Any CPU
		{950F688A-5FBB-4172-A074-E4A03F207E15}.Debug|Any CPU.Build.0 = Debug|Any CPU
		{950F688A-5FBB-4172-A074-E4A03F207E15}.Release|Any CPU.ActiveCfg = Release|Any CPU
		{950F688A-5FBB-4172-A074-E4A03F207E15}.Release|Any CPU.Build.0 = Release|Any CPU
		{D8ADAF06-C880-4034-94B0-E115414846F6}.Debug|Any CPU.ActiveCfg = Debug|Any CPU
		{D8ADAF06-C880-4034-94B0-E115414846F6}.Debug|Any CPU.Build.0 = Debug|Any CPU
		{D8ADAF06-C880-4034-94B0-E115414846F6}.Release|Any CPU.ActiveCfg = Release|Any CPU
		{D8ADAF06-C880-4034-94B0-E115414846F6}.Release|Any CPU.Build.0 = Release|Any CPU
		{241BAF79-FF49-4297-9076-9AD5DE244312}.Debug|Any CPU.ActiveCfg = Debug|Any CPU
		{241BAF79-FF49-4297-9076-9AD5DE244312}.Debug|Any CPU.Build.0 = Debug|Any CPU
		{241BAF79-FF49-4297-9076-9AD5DE244312}.Release|Any CPU.ActiveCfg = Release|Any CPU
		{241BAF79-FF49-4297-9076-9AD5DE244312}.Release|Any CPU.Build.0 = Release|Any CPU
	EndGlobalSection
	GlobalSection(SolutionProperties) = preSolution
		HideSolutionNode = FALSE
	EndGlobalSection
	GlobalSection(NestedProjects) = preSolution
		{D8ADAF06-C880-4034-94B0-E115414846F6} = {F1BEC83A-D02D-4080-A205-936603592363}
		{241BAF79-FF49-4297-9076-9AD5DE244312} = {F1BEC83A-D02D-4080-A205-936603592363}
	EndGlobalSection
	GlobalSection(ExtensibilityGlobals) = postSolution
		SolutionGuid = {BED8F94C-0D71-4A5F-9DD3-9BF7457E4359}
	EndGlobalSection
EndGlobal
